
Microsoft Visual Studio Solution File, Format Version 12.00
# Visual Studio 14
VisualStudioVersion = 14.0.25420.1
MinimumVisualStudioVersion = 10.0.40219.1
Project("{FAE04EC0-301F-11D3-BF4B-00C04F79EFBC}") = "Data", "Data\Data.csproj", "{ADD3413F-4C6B-4F78-97FE-AFAC8B193CD0}"
EndProject
Project("{FAE04EC0-301F-11D3-BF4B-00C04F79EFBC}") = "Core", "Core\Core.csproj", "{F632EFF8-6507-4124-9B03-B7F12DCE9BC8}"
EndProject
Project("{FAE04EC0-301F-11D3-BF4B-00C04F79EFBC}") = "Web", "Web\Web.csproj", "{D8FAA76F-BDD8-4C15-AF14-2C1ED9130D4C}"
EndProject
Project("{FAE04EC0-301F-11D3-BF4B-00C04F79EFBC}") = "Core.Tests", "Core.Tests\Core.Tests.csproj", "{B33F129A-084C-477F-9D9E-AB5419010AAE}"
EndProject
Global
	GlobalSection(SolutionConfigurationPlatforms) = preSolution
		Debug|Any CPU = Debug|Any CPU
		Release|Any CPU = Release|Any CPU
	EndGlobalSection
	GlobalSection(ProjectConfigurationPlatforms) = postSolution
		{ADD3413F-4C6B-4F78-97FE-AFAC8B193CD0}.Debug|Any CPU.ActiveCfg = Debug|Any CPU
		{ADD3413F-4C6B-4F78-97FE-AFAC8B193CD0}.Debug|Any CPU.Build.0 = Debug|Any CPU
		{ADD3413F-4C6B-4F78-97FE-AFAC8B193CD0}.Release|Any CPU.ActiveCfg = Release|Any CPU
		{ADD3413F-4C6B-4F78-97FE-AFAC8B193CD0}.Release|Any CPU.Build.0 = Release|Any CPU
		{F632EFF8-6507-4124-9B03-B7F12DCE9BC8}.Debug|Any CPU.ActiveCfg = Debug|Any CPU
		{F632EFF8-6507-4124-9B03-B7F12DCE9BC8}.Debug|Any CPU.Build.0 = Debug|Any CPU
		{F632EFF8-6507-4124-9B03-B7F12DCE9BC8}.Release|Any CPU.ActiveCfg = Release|Any CPU
		{F632EFF8-6507-4124-9B03-B7F12DCE9BC8}.Release|Any CPU.Build.0 = Release|Any CPU
		{D8FAA76F-BDD8-4C15-AF14-2C1ED9130D4C}.Debug|Any CPU.ActiveCfg = Debug|Any CPU
		{D8FAA76F-BDD8-4C15-AF14-2C1ED9130D4C}.Debug|Any CPU.Build.0 = Debug|Any CPU
		{D8FAA76F-BDD8-4C15-AF14-2C1ED9130D4C}.Release|Any CPU.ActiveCfg = Release|Any CPU
		{D8FAA76F-BDD8-4C15-AF14-2C1ED9130D4C}.Release|Any CPU.Build.0 = Release|Any CPU
		{B33F129A-084C-477F-9D9E-AB5419010AAE}.Debug|Any CPU.ActiveCfg = Debug|Any CPU
		{B33F129A-084C-477F-9D9E-AB5419010AAE}.Debug|Any CPU.Build.0 = Debug|Any CPU
		{B33F129A-084C-477F-9D9E-AB5419010AAE}.Release|Any CPU.ActiveCfg = Release|Any CPU
		{B33F129A-084C-477F-9D9E-AB5419010AAE}.Release|Any CPU.Build.0 = Release|Any CPU
	EndGlobalSection
	GlobalSection(SolutionProperties) = preSolution
		HideSolutionNode = FALSE
	EndGlobalSection
EndGlobal
